
Microsoft Visual Studio Solution File, Format Version 12.00
# Visual Studio 15
VisualStudioVersion = 15.0.27428.2002
MinimumVisualStudioVersion = 10.0.40219.1
Project("{FAE04EC0-301F-11D3-BF4B-00C04F79EFBC}") = "MileStone1", "MileStone1\MileStone1.csproj", "{72D07E80-983D-4795-958F-D95CC0C2C4A2}"
EndProject
Project("{FAE04EC0-301F-11D3-BF4B-00C04F79EFBC}") = "MileStone2", "MileStone2\MileStone2.csproj", "{72E02C8A-03E6-4D90-B221-4BFEA1EFF05A}"
EndProject
Project("{FAE04EC0-301F-11D3-BF4B-00C04F79EFBC}") = "UnitTestMileStone2", "UnitTestMileStone2\UnitTestMileStone2.csproj", "{881128DA-AB9A-40F2-B664-0FB1E65D5BE5}"
EndProject
Project("{FAE04EC0-301F-11D3-BF4B-00C04F79EFBC}") = "MileStone3", "MileStone3\MileStone3.csproj", "{E0100C91-B2DA-423F-B74A-31F217BE4D6E}"
EndProject
Global
	GlobalSection(SolutionConfigurationPlatforms) = preSolution
		Debug|Any CPU = Debug|Any CPU
		Release|Any CPU = Release|Any CPU
	EndGlobalSection
	GlobalSection(ProjectConfigurationPlatforms) = postSolution
		{72D07E80-983D-4795-958F-D95CC0C2C4A2}.Debug|Any CPU.ActiveCfg = Debug|Any CPU
		{72D07E80-983D-4795-958F-D95CC0C2C4A2}.Debug|Any CPU.Build.0 = Debug|Any CPU
		{72D07E80-983D-4795-958F-D95CC0C2C4A2}.Release|Any CPU.ActiveCfg = Release|Any CPU
		{72D07E80-983D-4795-958F-D95CC0C2C4A2}.Release|Any CPU.Build.0 = Release|Any CPU
		{72E02C8A-03E6-4D90-B221-4BFEA1EFF05A}.Debug|Any CPU.ActiveCfg = Debug|Any CPU
		{72E02C8A-03E6-4D90-B221-4BFEA1EFF05A}.Debug|Any CPU.Build.0 = Debug|Any CPU
		{72E02C8A-03E6-4D90-B221-4BFEA1EFF05A}.Release|Any CPU.ActiveCfg = Release|Any CPU
		{72E02C8A-03E6-4D90-B221-4BFEA1EFF05A}.Release|Any CPU.Build.0 = Release|Any CPU
		{881128DA-AB9A-40F2-B664-0FB1E65D5BE5}.Debug|Any CPU.ActiveCfg = Debug|Any CPU
		{881128DA-AB9A-40F2-B664-0FB1E65D5BE5}.Debug|Any CPU.Build.0 = Debug|Any CPU
		{881128DA-AB9A-40F2-B664-0FB1E65D5BE5}.Release|Any CPU.ActiveCfg = Release|Any CPU
		{881128DA-AB9A-40F2-B664-0FB1E65D5BE5}.Release|Any CPU.Build.0 = Release|Any CPU
		{E0100C91-B2DA-423F-B74A-31F217BE4D6E}.Debug|Any CPU.ActiveCfg = Debug|Any CPU
		{E0100C91-B2DA-423F-B74A-31F217BE4D6E}.Debug|Any CPU.Build.0 = Debug|Any CPU
		{E0100C91-B2DA-423F-B74A-31F217BE4D6E}.Release|Any CPU.ActiveCfg = Release|Any CPU
		{E0100C91-B2DA-423F-B74A-31F217BE4D6E}.Release|Any CPU.Build.0 = Release|Any CPU
	EndGlobalSection
	GlobalSection(SolutionProperties) = preSolution
		HideSolutionNode = FALSE
	EndGlobalSection
	GlobalSection(ExtensibilityGlobals) = postSolution
		SolutionGuid = {FB1C23F2-A404-414C-AE45-C16FBA9F8D5A}
	EndGlobalSection
EndGlobal
